
Microsoft Visual Studio Solution File, Format Version 12.00
Project("{FAE04EC0-301F-11D3-BF4B-00C04F79EFBC}") = "DemoBook", "DemoBook\DemoBook.csproj", "{7DE0BFC4-F581-4773-A420-F28614E0B83A}"
EndProject
Global
	GlobalSection(SolutionConfigurationPlatforms) = preSolution
		Debug|Any CPU = Debug|Any CPU
		Release|Any CPU = Release|Any CPU
	EndGlobalSection
	GlobalSection(ProjectConfigurationPlatforms) = postSolution
		{7DE0BFC4-F581-4773-A420-F28614E0B83A}.Debug|Any CPU.ActiveCfg = Debug|Any CPU
		{7DE0BFC4-F581-4773-A420-F28614E0B83A}.Debug|Any CPU.Build.0 = Debug|Any CPU
		{7DE0BFC4-F581-4773-A420-F28614E0B83A}.Release|Any CPU.ActiveCfg = Release|Any CPU
		{7DE0BFC4-F581-4773-A420-F28614E0B83A}.Release|Any CPU.Build.0 = Release|Any CPU
	EndGlobalSection
EndGlobal
